
Microsoft Visual Studio Solution File, Format Version 12.00
# Visual Studio 15
VisualStudioVersion = 15.0.27703.2000
MinimumVisualStudioVersion = 10.0.40219.1
Project("{FAE04EC0-301F-11D3-BF4B-00C04F79EFBC}") = "WpfApp2", "WpfApp2\WpfApp2.csproj", "{85C814F0-73CD-4D4A-BA9A-F6778AC5C27C}"
EndProject
Project("{FAE04EC0-301F-11D3-BF4B-00C04F79EFBC}") = "Server", "Server\Server.csproj", "{022B10BB-E7AA-41C0-8775-6E0A6076C728}"
EndProject
Global
	GlobalSection(SolutionConfigurationPlatforms) = preSolution
		Debug|Any CPU = Debug|Any CPU
		Release|Any CPU = Release|Any CPU
	EndGlobalSection
	GlobalSection(ProjectConfigurationPlatforms) = postSolution
		{85C814F0-73CD-4D4A-BA9A-F6778AC5C27C}.Debug|Any CPU.ActiveCfg = Debug|Any CPU
		{85C814F0-73CD-4D4A-BA9A-F6778AC5C27C}.Debug|Any CPU.Build.0 = Debug|Any CPU
		{85C814F0-73CD-4D4A-BA9A-F6778AC5C27C}.Release|Any CPU.ActiveCfg = Release|Any CPU
		{85C814F0-73CD-4D4A-BA9A-F6778AC5C27C}.Release|Any CPU.Build.0 = Release|Any CPU
		{022B10BB-E7AA-41C0-8775-6E0A6076C728}.Debug|Any CPU.ActiveCfg = Debug|Any CPU
		{022B10BB-E7AA-41C0-8775-6E0A6076C728}.Debug|Any CPU.Build.0 = Debug|Any CPU
		{022B10BB-E7AA-41C0-8775-6E0A6076C728}.Release|Any CPU.ActiveCfg = Release|Any CPU
		{022B10BB-E7AA-41C0-8775-6E0A6076C728}.Release|Any CPU.Build.0 = Release|Any CPU
	EndGlobalSection
	GlobalSection(SolutionProperties) = preSolution
		HideSolutionNode = FALSE
	EndGlobalSection
	GlobalSection(ExtensibilityGlobals) = postSolution
		SolutionGuid = {4DEBB7BE-DFC8-4365-B377-226E6349F0DC}
	EndGlobalSection
EndGlobal
